
Microsoft Visual Studio Solution File, Format Version 12.00
# Visual Studio Version 17
VisualStudioVersion = 17.7.34202.233
MinimumVisualStudioVersion = 10.0.40219.1
Project("{9A19103F-16F7-4668-BE54-9A1E7A4F7556}") = "EFCore Learning Project", "EFCore Learning Project\EFCore Learning Project.csproj", "{B4BD7591-F58A-4195-8BC4-21A706F2B9F0}"
EndProject
Project("{FAE04EC0-301F-11D3-BF4B-00C04F79EFBC}") = "EFCore_DataAccess", "EFCore_DataAccess\EFCore_DataAccess.csproj", "{251C4CE5-0D58-42F8-BFC1-EAE0CBCC32A3}"
EndProject
Project("{FAE04EC0-301F-11D3-BF4B-00C04F79EFBC}") = "EFCore_Models", "EFCore_Models\EFCore_Models.csproj", "{3C16534E-99DA-4753-960F-CC11E087888C}"
EndProject
Global
	GlobalSection(SolutionConfigurationPlatforms) = preSolution
		Debug|Any CPU = Debug|Any CPU
		Release|Any CPU = Release|Any CPU
	EndGlobalSection
	GlobalSection(ProjectConfigurationPlatforms) = postSolution
		{B4BD7591-F58A-4195-8BC4-21A706F2B9F0}.Debug|Any CPU.ActiveCfg = Debug|Any CPU
		{B4BD7591-F58A-4195-8BC4-21A706F2B9F0}.Debug|Any CPU.Build.0 = Debug|Any CPU
		{B4BD7591-F58A-4195-8BC4-21A706F2B9F0}.Release|Any CPU.ActiveCfg = Release|Any CPU
		{B4BD7591-F58A-4195-8BC4-21A706F2B9F0}.Release|Any CPU.Build.0 = Release|Any CPU
		{251C4CE5-0D58-42F8-BFC1-EAE0CBCC32A3}.Debug|Any CPU.ActiveCfg = Debug|Any CPU
		{251C4CE5-0D58-42F8-BFC1-EAE0CBCC32A3}.Debug|Any CPU.Build.0 = Debug|Any CPU
		{251C4CE5-0D58-42F8-BFC1-EAE0CBCC32A3}.Release|Any CPU.ActiveCfg = Release|Any CPU
		{251C4CE5-0D58-42F8-BFC1-EAE0CBCC32A3}.Release|Any CPU.Build.0 = Release|Any CPU
		{3C16534E-99DA-4753-960F-CC11E087888C}.Debug|Any CPU.ActiveCfg = Debug|Any CPU
		{3C16534E-99DA-4753-960F-CC11E087888C}.Debug|Any CPU.Build.0 = Debug|Any CPU
		{3C16534E-99DA-4753-960F-CC11E087888C}.Release|Any CPU.ActiveCfg = Release|Any CPU
		{3C16534E-99DA-4753-960F-CC11E087888C}.Release|Any CPU.Build.0 = Release|Any CPU
	EndGlobalSection
	GlobalSection(SolutionProperties) = preSolution
		HideSolutionNode = FALSE
	EndGlobalSection
	GlobalSection(ExtensibilityGlobals) = postSolution
		SolutionGuid = {5E0F5C9B-5C8F-44D0-8BE1-411E8FC41E26}
	EndGlobalSection
EndGlobal
